
Microsoft Visual Studio Solution File, Format Version 12.00
# Visual Studio Version 17
VisualStudioVersion = 17.6.33829.357
MinimumVisualStudioVersion = 10.0.40219.1
Project("{FAE04EC0-301F-11D3-BF4B-00C04F79EFBC}") = "To_Do_List", "To_Do_List.csproj", "{4BC3EB04-DF3A-4B8B-BB7F-A9701F354060}"
EndProject
Global
	GlobalSection(SolutionConfigurationPlatforms) = preSolution
		Debug|Any CPU = Debug|Any CPU
		Release|Any CPU = Release|Any CPU
	EndGlobalSection
	GlobalSection(ProjectConfigurationPlatforms) = postSolution
		{4BC3EB04-DF3A-4B8B-BB7F-A9701F354060}.Debug|Any CPU.ActiveCfg = Debug|Any CPU
		{4BC3EB04-DF3A-4B8B-BB7F-A9701F354060}.Debug|Any CPU.Build.0 = Debug|Any CPU
		{4BC3EB04-DF3A-4B8B-BB7F-A9701F354060}.Release|Any CPU.ActiveCfg = Release|Any CPU
		{4BC3EB04-DF3A-4B8B-BB7F-A9701F354060}.Release|Any CPU.Build.0 = Release|Any CPU
	EndGlobalSection
	GlobalSection(SolutionProperties) = preSolution
		HideSolutionNode = FALSE
	EndGlobalSection
	GlobalSection(ExtensibilityGlobals) = postSolution
		SolutionGuid = {4F6B55D4-A052-4155-8552-EE295EB4CB22}
	EndGlobalSection
EndGlobal
